// !$*UTF8*$!
{
	archiveVersion = 1;
	classes = {
	};
	objectVersion = 46;
	objects = {

/* Begin PBXBuildFile section */
		EC53847D19D0465400CDBF72 /* AppDelegate.swift in Sources */ = {isa = PBXBuildFile; fileRef = EC53847C19D0465400CDBF72 /* AppDelegate.swift */; };
		EC53847F19D0465400CDBF72 /* ViewController.swift in Sources */ = {isa = PBXBuildFile; fileRef = EC53847E19D0465400CDBF72 /* ViewController.swift */; };
		EC53848219D0465400CDBF72 /* Main.storyboard in Resources */ = {isa = PBXBuildFile; fileRef = EC53848019D0465400CDBF72 /* Main.storyboard */; };
		EC53848419D0465400CDBF72 /* Images.xcassets in Resources */ = {isa = PBXBuildFile; fileRef = EC53848319D0465400CDBF72 /* Images.xcassets */; };
		EC53848719D0465400CDBF72 /* LaunchScreen.xib in Resources */ = {isa = PBXBuildFile; fileRef = EC53848519D0465400CDBF72 /* LaunchScreen.xib */; };
		EC53849319D0465400CDBF72 /* kalkulator_napitnineTests.swift in Sources */ = {isa = PBXBuildFile; fileRef = EC53849219D0465400CDBF72 /* kalkulator_napitnineTests.swift */; };
/* End PBXBuildFile section */

/* Begin PBXContainerItemProxy section */
		EC53848D19D0465400CDBF72 /* PBXContainerItemProxy */ = {
			isa = PBXContainerItemProxy;
			containerPortal = EC53846F19D0465400CDBF72 /* Project object */;
			proxyType = 1;
			remoteGlobalIDString = EC53847619D0465400CDBF72;
			remoteInfo = "kalkulator napitnine";
		};
/* End PBXContainerItemProxy section */

/* Begin PBXFileReference section */
		EC53847719D0465400CDBF72 /* kalkulator napitnine.app */ = {isa = PBXFileReference; explicitFileType = wrapper.application; includeInIndex = 0; path = "kalkulator napitnine.app"; sourceTree = BUILT_PRODUCTS_DIR; };
		EC53847B19D0465400CDBF72 /* Info.plist */ = {isa = PBXFileReference; lastKnownFileType = text.plist.xml; path = Info.plist; sourceTree = "<group>"; };
		EC53847C19D0465400CDBF72 /* AppDelegate.swift */ = {isa = PBXFileReference; lastKnownFileType = sourcecode.swift; path = AppDelegate.swift; sourceTree = "<group>"; };
		EC53847E19D0465400CDBF72 /* ViewController.swift */ = {isa = PBXFileReference; lastKnownFileType = sourcecode.swift; path = ViewController.swift; sourceTree = "<group>"; };
		EC53848119D0465400CDBF72 /* Base */ = {isa = PBXFileReference; lastKnownFileType = file.storyboard; name = Base; path = Base.lproj/Main.storyboard; sourceTree = "<group>"; };
		EC53848319D0465400CDBF72 /* Images.xcassets */ = {isa = PBXFileReference; lastKnownFileType = folder.assetcatalog; path = Images.xcassets; sourceTree = "<group>"; };
		EC53848619D0465400CDBF72 /* Base */ = {isa = PBXFileReference; lastKnownFileType = file.xib; name = Base; path = Base.lproj/LaunchScreen.xib; sourceTree = "<group>"; };
		EC53848C19D0465400CDBF72 /* kalkulator napitnineTests.xctest */ = {isa = PBXFileReference; explicitFileType = wrapper.cfbundle; includeInIndex = 0; path = "kalkulator napitnineTests.xctest"; sourceTree = BUILT_PRODUCTS_DIR; };
		EC53849119D0465400CDBF72 /* Info.plist */ = {isa = PBXFileReference; lastKnownFileType = text.plist.xml; path = Info.plist; sourceTree = "<group>"; };
		EC53849219D0465400CDBF72 /* kalkulator_napitnineTests.swift */ = {isa = PBXFileReference; lastKnownFileType = sourcecode.swift; path = kalkulator_napitnineTests.swift; sourceTree = "<group>"; };
/* End PBXFileReference section */

/* Begin PBXFrameworksBuildPhase section */
		EC53847419D0465400CDBF72 /* Frameworks */ = {
			isa = PBXFrameworksBuildPhase;
			buildActionMask = 2147483647;
			files = (
			);
			runOnlyForDeploymentPostprocessing = 0;
		};
		EC53848919D0465400CDBF72 /* Frameworks */ = {
			isa = PBXFrameworksBuildPhase;
			buildActionMask = 2147483647;
			files = (
			);
			runOnlyForDeploymentPostprocessing = 0;
		};
/* End PBXFrameworksBuildPhase section */

/* Begin PBXGroup section */
		EC53846E19D0465400CDBF72 = {
			isa = PBXGroup;
			children = (
				EC53847919D0465400CDBF72 /* kalkulator napitnine */,
				EC53848F19D0465400CDBF72 /* kalkulator napitnineTests */,
				EC53847819D0465400CDBF72 /* Products */,
			);
			sourceTree = "<group>";
		};
		EC53847819D0465400CDBF72 /* Products */ = {
			isa = PBXGroup;
			children = (
				EC53847719D0465400CDBF72 /* kalkulator napitnine.app */,
				EC53848C19D0465400CDBF72 /* kalkulator napitnineTests.xctest */,
			);
			name = Products;
			sourceTree = "<group>";
		};
		EC53847919D0465400CDBF72 /* kalkulator napitnine */ = {
			isa = PBXGroup;
			children = (
				EC53847C19D0465400CDBF72 /* AppDelegate.swift */,
				EC53847E19D0465400CDBF72 /* ViewController.swift */,
				EC53848019D0465400CDBF72 /* Main.storyboard */,
				EC53848319D0465400CDBF72 /* Images.xcassets */,
				EC53848519D0465400CDBF72 /* LaunchScreen.xib */,
				EC53847A19D0465400CDBF72 /* Supporting Files */,
			);
			path = "kalkulator napitnine";
			sourceTree = "<group>";
		};
		EC53847A19D0465400CDBF72 /* Supporting Files */ = {
			isa = PBXGroup;
			children = (
				EC53847B19D0465400CDBF72 /* Info.plist */,
			);
			name = "Supporting Files";
			sourceTree = "<group>";
		};
		EC53848F19D0465400CDBF72 /* kalkulator napitnineTests */ = {
			isa = PBXGroup;
			children = (
				EC53849219D0465400CDBF72 /* kalkulator_napitnineTests.swift */,
				EC53849019D0465400CDBF72 /* Supporting Files */,
			);
			path = "kalkulator napitnineTests";
			sourceTree = "<group>";
		};
		EC53849019D0465400CDBF72 /* Supporting Files */ = {
			isa = PBXGroup;
			children = (
				EC53849119D0465400CDBF72 /* Info.plist */,
			);
			name = "Supporting Files";
			sourceTree = "<group>";
		};
/* End PBXGroup section */

/* Begin PBXNativeTarget section */
		EC53847619D0465400CDBF72 /* kalkulator napitnine */ = {
			isa = PBXNativeTarget;
			buildConfigurationList = EC53849619D0465400CDBF72 /* Build configuration list for PBXNativeTarget "kalkulator napitnine" */;
			buildPhases = (
				EC53847319D0465400CDBF72 /* Sources */,
				EC53847419D0465400CDBF72 /* Frameworks */,
				EC53847519D0465400CDBF72 /* Resources */,
			);
			buildRules = (
			);
			dependencies = (
			);
			name = "kalkulator napitnine";
			productName = "kalkulator napitnine";
			productReference = EC53847719D0465400CDBF72 /* kalkulator napitnine.app */;
			productType = "com.apple.product-type.application";
		};
		EC53848B19D0465400CDBF72 /* kalkulator napitnineTests */ = {
			isa = PBXNativeTarget;
			buildConfigurationList = EC53849919D0465400CDBF72 /* Build configuration list for PBXNativeTarget "kalkulator napitnineTests" */;
			buildPhases = (
				EC53848819D0465400CDBF72 /* Sources */,
				EC53848919D0465400CDBF72 /* Frameworks */,
				EC53848A19D0465400CDBF72 /* Resources */,
			);
			buildRules = (
			);
			dependencies = (
				EC53848E19D0465400CDBF72 /* PBXTargetDependency */,
			);
			name = "kalkulator napitnineTests";
			productName = "kalkulator napitnineTests";
			productReference = EC53848C19D0465400CDBF72 /* kalkulator napitnineTests.xctest */;
			productType = "com.apple.product-type.bundle.unit-test";
		};
/* End PBXNativeTarget section */

/* Begin PBXProject section */
		EC53846F19D0465400CDBF72 /* Project object */ = {
			isa = PBXProject;
			attributes = {
				LastUpgradeCheck = 0600;
				ORGANIZATIONNAME = Blaz;
				TargetAttributes = {
					EC53847619D0465400CDBF72 = {
						CreatedOnToolsVersion = 6.0.1;
					};
					EC53848B19D0465400CDBF72 = {
						CreatedOnToolsVersion = 6.0.1;
						TestTargetID = EC53847619D0465400CDBF72;
					};
				};
			};
			buildConfigurationList = EC53847219D0465400CDBF72 /* Build configuration list for PBXProject "kalkulator napitnine" */;
			compatibilityVersion = "Xcode 3.2";
			developmentRegion = English;
			hasScannedForEncodings = 0;
			knownRegions = (
				en,
				Base,
			);
			mainGroup = EC53846E19D0465400CDBF72;
			productRefGroup = EC53847819D0465400CDBF72 /* Products */;
			projectDirPath = "";
			projectRoot = "";
			targets = (
				EC53847619D0465400CDBF72 /* kalkulator napitnine */,
				EC53848B19D0465400CDBF72 /* kalkulator napitnineTests */,
			);
		};
/* End PBXProject section */

/* Begin PBXResourcesBuildPhase section */
		EC53847519D0465400CDBF72 /* Resources */ = {
			isa = PBXResourcesBuildPhase;
			buildActionMask = 2147483647;
			files = (
				EC53848219D0465400CDBF72 /* Main.storyboard in Resources */,
				EC53848719D0465400CDBF72 /* LaunchScreen.xib in Resources */,
				EC53848419D0465400CDBF72 /* Images.xcassets in Resources */,
			);
			runOnlyForDeploymentPostprocessing = 0;
		};
		EC53848A19D0465400CDBF72 /* Resources */ = {
			isa = PBXResourcesBuildPhase;
			buildActionMask = 2147483647;
			files = (
			);
			runOnlyForDeploymentPostprocessing = 0;
		};
/* End PBXResourcesBuildPhase section */

/* Begin PBXSourcesBuildPhase section */
		EC53847319D0465400CDBF72 /* Sources */ = {
			isa = PBXSourcesBuildPhase;
			buildActionMask = 2147483647;
			files = (
				EC53847F19D0465400CDBF72 /* ViewController.swift in Sources */,
				EC53847D19D0465400CDBF72 /* AppDelegate.swift in Sources */,
			);
			runOnlyForDeploymentPostprocessing = 0;
		};
		EC53848819D0465400CDBF72 /* Sources */ = {
			isa = PBXSourcesBuildPhase;
			buildActionMask = 2147483647;
			files = (
				EC53849319D0465400CDBF72 /* kalkulator_napitnineTests.swift in Sources */,
			);
			runOnlyForDeploymentPostprocessing = 0;
		};
/* End PBXSourcesBuildPhase section */

/* Begin PBXTargetDependency section */
		EC53848E19D0465400CDBF72 /* PBXTargetDependency */ = {
			isa = PBXTargetDependency;
			target = EC53847619D0465400CDBF72 /* kalkulator napitnine */;
			targetProxy = EC53848D19D0465400CDBF72 /* PBXContainerItemProxy */;
		};
/* End PBXTargetDependency section */

/* Begin PBXVariantGroup section */
		EC53848019D0465400CDBF72 /* Main.storyboard */ = {
			isa = PBXVariantGroup;
			children = (
				EC53848119D0465400CDBF72 /* Base */,
			);
			name = Main.storyboard;
			sourceTree = "<group>";
		};
		EC53848519D0465400CDBF72 /* LaunchScreen.xib */ = {
			isa = PBXVariantGroup;
			children = (
				EC53848619D0465400CDBF72 /* Base */,
			);
			name = LaunchScreen.xib;
			sourceTree = "<group>";
		};
/* End PBXVariantGroup section */

/* Begin XCBuildConfiguration section */
		EC53849419D0465400CDBF72 /* Debug */ = {
			isa = XCBuildConfiguration;
			buildSettings = {
				ALWAYS_SEARCH_USER_PATHS = NO;
				CLANG_CXX_LANGUAGE_STANDARD = "gnu++0x";
				CLANG_CXX_LIBRARY = "libc++";
				CLANG_ENABLE_MODULES = YES;
				CLANG_ENABLE_OBJC_ARC = YES;
				CLANG_WARN_BOOL_CONVERSION = YES;
				CLANG_WARN_CONSTANT_CONVERSION = YES;
				CLANG_WARN_DIRECT_OBJC_ISA_USAGE = YES_ERROR;
				CLANG_WARN_EMPTY_BODY = YES;
				CLANG_WARN_ENUM_CONVERSION = YES;
				CLANG_WARN_INT_CONVERSION = YES;
				CLANG_WARN_OBJC_ROOT_CLASS = YES_ERROR;
				CLANG_WARN_UNREACHABLE_CODE = YES;
				CLANG_WARN__DUPLICATE_METHOD_MATCH = YES;
				"CODE_SIGN_IDENTITY[sdk=iphoneos*]" = "iPhone Developer";
				COPY_PHASE_STRIP = NO;
				ENABLE_STRICT_OBJC_MSGSEND = YES;
				GCC_C_LANGUAGE_STANDARD = gnu99;
				GCC_DYNAMIC_NO_PIC = NO;
				GCC_OPTIMIZATION_LEVEL = 0;
				GCC_PREPROCESSOR_DEFINITIONS = (
					"DEBUG=1",
					"$(inherited)",
				);
				GCC_SYMBOLS_PRIVATE_EXTERN = NO;
				GCC_WARN_64_TO_32_BIT_CONVERSION = YES;
				GCC_WARN_ABOUT_RETURN_TYPE = YES_ERROR;
				GCC_WARN_UNDECLARED_SELECTOR = YES;
				GCC_WARN_UNINITIALIZED_AUTOS = YES_AGGRESSIVE;
				GCC_WARN_UNUSED_FUNCTION = YES;
				GCC_WARN_UNUSED_VARIABLE = YES;
				IPHONEOS_DEPLOYMENT_TARGET = 8.0;
				MTL_ENABLE_DEBUG_INFO = YES;
				ONLY_ACTIVE_ARCH = YES;
				SDKROOT = iphoneos;
				SWIFT_OPTIMIZATION_LEVEL = "-Onone";
			};
			name = Debug;
		};
		EC53849519D0465400CDBF72 /* Release */ = {
			isa = XCBuildConfiguration;
			buildSettings = {
				ALWAYS_SEARCH_USER_PATHS = NO;
				CLANG_CXX_LANGUAGE_STANDARD = "gnu++0x";
				CLANG_CXX_LIBRARY = "libc++";
				CLANG_ENABLE_MODULES = YES;
				CLANG_ENABLE_OBJC_ARC = YES;
				CLANG_WARN_BOOL_CONVERSION = YES;
				CLANG_WARN_CONSTANT_CONVERSION = YES;
				CLANG_WARN_DIRECT_OBJC_ISA_USAGE = YES_ERROR;
				CLANG_WARN_EMPTY_BODY = YES;
				CLANG_WARN_ENUM_CONVERSION = YES;
				CLANG_WARN_INT_CONVERSION = YES;
				CLANG_WARN_OBJC_ROOT_CLASS = YES_ERROR;
				CLANG_WARN_UNREACHABLE_CODE = YES;
				CLANG_WARN__DUPLICATE_METHOD_MATCH = YES;
				"CODE_SIGN_IDENTITY[sdk=iphoneos*]" = "iPhone Developer";
				COPY_PHASE_STRIP = YES;
				ENABLE_NS_ASSERTIONS = NO;
				ENABLE_STRICT_OBJC_MSGSEND = YES;
				GCC_C_LANGUAGE_STANDARD = gnu99;
				GCC_WARN_64_TO_32_BIT_CONVERSION = YES;
				GCC_WARN_ABOUT_RETURN_TYPE = YES_ERROR;
				GCC_WARN_UNDECLARED_SELECTOR = YES;
				GCC_WARN_UNINITIALIZED_AUTOS = YES_AGGRESSIVE;
				GCC_WARN_UNUSED_FUNCTION = YES;
				GCC_WARN_UNUSED_VARIABLE = YES;
				IPHONEOS_DEPLOYMENT_TARGET = 8.0;
				MTL_ENABLE_DEBUG_INFO = NO;
				SDKROOT = iphoneos;
				VALIDATE_PRODUCT = YES;
			};
			name = Release;
		};
		EC53849719D0465400CDBF72 /* Debug */ = {
			isa = XCBuildConfiguration;
			buildSettings = {
				ASSETCATALOG_COMPILER_APPICON_NAME = AppIcon;
				INFOPLIST_FILE = "kalkulator napitnine/Info.plist";
				LD_RUNPATH_SEARCH_PATHS = "$(inherited) @executable_path/Frameworks";
				PRODUCT_NAME = "$(TARGET_NAME)";
			};
			name = Debug;
		};
		EC53849819D0465400CDBF72 /* Release */ = {
			isa = XCBuildConfiguration;
			buildSettings = {
				ASSETCATALOG_COMPILER_APPICON_NAME = AppIcon;
				INFOPLIST_FILE = "kalkulator napitnine/Info.plist";
				LD_RUNPATH_SEARCH_PATHS = "$(inherited) @executable_path/Frameworks";
				PRODUCT_NAME = "$(TARGET_NAME)";
			};
			name = Release;
		};
		EC53849A19D0465400CDBF72 /* Debug */ = {
			isa = XCBuildConfiguration;
			buildSettings = {
				BUNDLE_LOADER = "$(TEST_HOST)";
				FRAMEWORK_SEARCH_PATHS = (
					"$(SDKROOT)/Developer/Library/Frameworks",
					"$(inherited)",
				);
				GCC_PREPROCESSOR_DEFINITIONS = (
					"DEBUG=1",
					"$(inherited)",
				);
				INFOPLIST_FILE = "kalkulator napitnineTests/Info.plist";
				LD_RUNPATH_SEARCH_PATHS = "$(inherited) @executable_path/Frameworks @loader_path/Frameworks";
				PRODUCT_NAME = "$(TARGET_NAME)";
				TEST_HOST = "$(BUILT_PRODUCTS_DIR)/kalkulator napitnine.app/kalkulator napitnine";
			};
			name = Debug;
		};
		EC53849B19D0465400CDBF72 /* Release */ = {
			isa = XCBuildConfiguration;
			buildSettings = {
				BUNDLE_LOADER = "$(TEST_HOST)";
				FRAMEWORK_SEARCH_PATHS = (
					"$(SDKROOT)/Developer/Library/Frameworks",
					"$(inherited)",
				);
				INFOPLIST_FILE = "kalkulator napitnineTests/Info.plist";
				LD_RUNPATH_SEARCH_PATHS = "$(inherited) @executable_path/Frameworks @loader_path/Frameworks";
				PRODUCT_NAME = "$(TARGET_NAME)";
				TEST_HOST = "$(BUILT_PRODUCTS_DIR)/kalkulator napitnine.app/kalkulator napitnine";
			};
			name = Release;
		};
/* End XCBuildConfiguration section */

/* Begin XCConfigurationList section */
		EC53847219D0465400CDBF72 /* Build configuration list for PBXProject "kalkulator napitnine" */ = {
			isa = XCConfigurationList;
			buildConfigurations = (
				EC53849419D0465400CDBF72 /* Debug */,
				EC53849519D0465400CDBF72 /* Release */,
			);
			defaultConfigurationIsVisible = 0;
			defaultConfigurationName = Release;
		};
		EC53849619D0465400CDBF72 /* Build configuration list for PBXNativeTarget "kalkulator napitnine" */ = {
			isa = XCConfigurationList;
			buildConfigurations = (
				EC53849719D0465400CDBF72 /* Debug */,
				EC53849819D0465400CDBF72 /* Release */,
			);
			defaultConfigurationIsVisible = 0;
		};
		EC53849919D0465400CDBF72 /* Build configuration list for PBXNativeTarget "kalkulator napitnineTests" */ = {
			isa = XCConfigurationList;
			buildConfigurations = (
				EC53849A19D0465400CDBF72 /* Debug */,
				EC53849B19D0465400CDBF72 /* Release */,
			);
			defaultConfigurationIsVisible = 0;
		};
/* End XCConfigurationList section */
	};
	rootObject = EC53846F19D0465400CDBF72 /* Project object */;
}
